
PODS:
- AFNetworking (0.10.1)
- DTFoundation/Core (1.0.0)
- JSONKit (1.5pre)

DEPENDENCIES:
- AFNetworking (~> 0.9)
- DTFoundation/Core
- JSONKit (~> 1.4)

SPEC CHECKSUMS:
  AFNetworking: df1042246c17373b96f12f04bf5c6e1c25992cd4
  DTFoundation/Core: f9969db7d20581828d98a62feb9c547b45e87ab0
  JSONKit: 3d4708953ea7ae399a49777372d8b060a43ddd27

COCOAPODS: 0.16.0
